PODS:
  - AsyncSwift (2.0.4)
  - Eureka (4.0.1)
  - FastComponent/Base (0.1.0):
    - Localize-Swift
    - Then
    - XXLogger
  - FastComponent/Component (0.1.0):
    - FastComponent/Base
    - FastComponent/UIKitEx
  - FastComponent/FoundationEx (0.1.0):
    - AsyncSwift
    - FastComponent/Base
    - SwiftyJSON
  - FastComponent/UICustomEx (0.1.0):
    - Eureka
    - FastComponent/Base
    - FastComponent/UIKitEx
  - FastComponent/UIKitEx (0.1.0):
    - FastComponent/Base
    - Then
  - Localize-Swift (2.0.0)
  - SwiftyJSON (4.0.0)
  - Then (2.3.0)
  - XXLogger (1.0.0)

DEPENDENCIES:
  - AsyncSwift
  - FastComponent/Component (from `../`)
  - FastComponent/FoundationEx (from `../`)
  - FastComponent/UICustomEx (from `../`)
  - FastComponent/UIKitEx (from `../`)
  - Localize-Swift
  - Then
  - XXLogger

EXTERNAL SOURCES:
  FastComponent:
    :path: "../"

SPEC CHECKSUMS:
  AsyncSwift: 65775a7b32e740609b24969ece3de58723b9dc3e
  Eureka: c8bd5cc07143b6f66268c208d28a246c99b41955
  FastComponent: bffc9e8b47e75020640048fa4034f38397223d0b
  Localize-Swift: c798ec9286494866f7068f85f7c71283ac5bdab4
  SwiftyJSON: 070dabdcb1beb81b247c65ffa3a79dbbfb3b48aa
  Then: ee21c97b85ff6062b9b0080c9abb1eea46743345
  XXLogger: 0e9a933fc07000d1a2ca2f1c8c662449b85c4ca6

PODFILE CHECKSUM: a5fcb70bae4e0ce68d6ac07bcf64d55d84cdc23a

COCOAPODS: 1.2.0.beta.3
